
Microsoft Visual Studio Solution File, Format Version 12.00
# Visual Studio Version 17
VisualStudioVersion = 17.4.33213.308
MinimumVisualStudioVersion = 10.0.40219.1
Project("{9A19103F-16F7-4668-BE54-9A1E7A4F7556}") = "Gecko_Care", "Gecko_Care\Gecko_Care.csproj", "{ADF5AADC-A176-4330-9D5E-64527E6E9502}"
EndProject
Project("{FAE04EC0-301F-11D3-BF4B-00C04F79EFBC}") = "PG_Console", "PG_Console\PG_Console.csproj", "{4B2DA0B3-B41C-4663-8BAB-D818BBEE0671}"
EndProject
Project("{2150E333-8FDC-42A3-9474-1A3956D46DE8}") = "DI", "DI", "{598B7F6B-78C3-47AC-9EB5-2E07A26E27AF}"
EndProject
Project("{FAE04EC0-301F-11D3-BF4B-00C04F79EFBC}") = "ProjectA", "ProjectA\ProjectA.csproj", "{9317B34A-BC3A-443E-8008-6670BAD07053}"
EndProject
Project("{FAE04EC0-301F-11D3-BF4B-00C04F79EFBC}") = "ProjectB", "ProjectB\ProjectB.csproj", "{30260F42-74DA-4402-9EB1-92B996D4B1CA}"
EndProject
Project("{FAE04EC0-301F-11D3-BF4B-00C04F79EFBC}") = "Interface", "Interface\Interface.csproj", "{8338EBC6-725E-4726-BEBE-D2374F330A15}"
EndProject
Global
	GlobalSection(SolutionConfigurationPlatforms) = preSolution
		Debug|Any CPU = Debug|Any CPU
		Release|Any CPU = Release|Any CPU
	EndGlobalSection
	GlobalSection(ProjectConfigurationPlatforms) = postSolution
		{ADF5AADC-A176-4330-9D5E-64527E6E9502}.Debug|Any CPU.ActiveCfg = Debug|Any CPU
		{ADF5AADC-A176-4330-9D5E-64527E6E9502}.Debug|Any CPU.Build.0 = Debug|Any CPU
		{ADF5AADC-A176-4330-9D5E-64527E6E9502}.Release|Any CPU.ActiveCfg = Release|Any CPU
		{ADF5AADC-A176-4330-9D5E-64527E6E9502}.Release|Any CPU.Build.0 = Release|Any CPU
		{4B2DA0B3-B41C-4663-8BAB-D818BBEE0671}.Debug|Any CPU.ActiveCfg = Debug|Any CPU
		{4B2DA0B3-B41C-4663-8BAB-D818BBEE0671}.Debug|Any CPU.Build.0 = Debug|Any CPU
		{4B2DA0B3-B41C-4663-8BAB-D818BBEE0671}.Release|Any CPU.ActiveCfg = Release|Any CPU
		{4B2DA0B3-B41C-4663-8BAB-D818BBEE0671}.Release|Any CPU.Build.0 = Release|Any CPU
		{9317B34A-BC3A-443E-8008-6670BAD07053}.Debug|Any CPU.ActiveCfg = Debug|Any CPU
		{9317B34A-BC3A-443E-8008-6670BAD07053}.Debug|Any CPU.Build.0 = Debug|Any CPU
		{9317B34A-BC3A-443E-8008-6670BAD07053}.Release|Any CPU.ActiveCfg = Release|Any CPU
		{9317B34A-BC3A-443E-8008-6670BAD07053}.Release|Any CPU.Build.0 = Release|Any CPU
		{30260F42-74DA-4402-9EB1-92B996D4B1CA}.Debug|Any CPU.ActiveCfg = Debug|Any CPU
		{30260F42-74DA-4402-9EB1-92B996D4B1CA}.Debug|Any CPU.Build.0 = Debug|Any CPU
		{30260F42-74DA-4402-9EB1-92B996D4B1CA}.Release|Any CPU.ActiveCfg = Release|Any CPU
		{30260F42-74DA-4402-9EB1-92B996D4B1CA}.Release|Any CPU.Build.0 = Release|Any CPU
		{8338EBC6-725E-4726-BEBE-D2374F330A15}.Debug|Any CPU.ActiveCfg = Debug|Any CPU
		{8338EBC6-725E-4726-BEBE-D2374F330A15}.Debug|Any CPU.Build.0 = Debug|Any CPU
		{8338EBC6-725E-4726-BEBE-D2374F330A15}.Release|Any CPU.ActiveCfg = Release|Any CPU
		{8338EBC6-725E-4726-BEBE-D2374F330A15}.Release|Any CPU.Build.0 = Release|Any CPU
	EndGlobalSection
	GlobalSection(SolutionProperties) = preSolution
		HideSolutionNode = FALSE
	EndGlobalSection
	GlobalSection(NestedProjects) = preSolution
		{4B2DA0B3-B41C-4663-8BAB-D818BBEE0671} = {598B7F6B-78C3-47AC-9EB5-2E07A26E27AF}
		{9317B34A-BC3A-443E-8008-6670BAD07053} = {598B7F6B-78C3-47AC-9EB5-2E07A26E27AF}
		{30260F42-74DA-4402-9EB1-92B996D4B1CA} = {598B7F6B-78C3-47AC-9EB5-2E07A26E27AF}
		{8338EBC6-725E-4726-BEBE-D2374F330A15} = {598B7F6B-78C3-47AC-9EB5-2E07A26E27AF}
	EndGlobalSection
	GlobalSection(ExtensibilityGlobals) = postSolution
		SolutionGuid = {F76C4389-D563-406F-98BB-53BDEF20DA38}
	EndGlobalSection
EndGlobal
